
Microsoft Visual Studio Solution File, Format Version 12.00
Project("{FAE04EC0-301F-11D3-BF4B-00C04F79EFBC}") = "Cronache-di-DnD", "Cronache-di-DnD\Cronache-di-DnD.csproj", "{19E2B36F-ABF2-4E5C-9492-F47F597CE01C}"
EndProject
Global
	GlobalSection(SolutionConfigurationPlatforms) = preSolution
		Debug|Any CPU = Debug|Any CPU
		Release|Any CPU = Release|Any CPU
	EndGlobalSection
	GlobalSection(ProjectConfigurationPlatforms) = postSolution
		{19E2B36F-ABF2-4E5C-9492-F47F597CE01C}.Debug|Any CPU.ActiveCfg = Debug|Any CPU
		{19E2B36F-ABF2-4E5C-9492-F47F597CE01C}.Debug|Any CPU.Build.0 = Debug|Any CPU
		{19E2B36F-ABF2-4E5C-9492-F47F597CE01C}.Release|Any CPU.ActiveCfg = Release|Any CPU
		{19E2B36F-ABF2-4E5C-9492-F47F597CE01C}.Release|Any CPU.Build.0 = Release|Any CPU
	EndGlobalSection
EndGlobal
